
Microsoft Visual Studio Solution File, Format Version 12.00
# Visual Studio Version 16
VisualStudioVersion = 16.0.31702.278
MinimumVisualStudioVersion = 10.0.40219.1
Project("{FAE04EC0-301F-11D3-BF4B-00C04F79EFBC}") = "AccountEqualityApp", "AccountEqualityApp\AccountEqualityApp.csproj", "{8E985D2A-09CF-45C2-9A7B-FE4D81099F4C}"
EndProject
Global
	GlobalSection(SolutionConfigurationPlatforms) = preSolution
		Debug|Any CPU = Debug|Any CPU
		Release|Any CPU = Release|Any CPU
	EndGlobalSection
	GlobalSection(ProjectConfigurationPlatforms) = postSolution
		{8E985D2A-09CF-45C2-9A7B-FE4D81099F4C}.Debug|Any CPU.ActiveCfg = Debug|Any CPU
		{8E985D2A-09CF-45C2-9A7B-FE4D81099F4C}.Debug|Any CPU.Build.0 = Debug|Any CPU
		{8E985D2A-09CF-45C2-9A7B-FE4D81099F4C}.Release|Any CPU.ActiveCfg = Release|Any CPU
		{8E985D2A-09CF-45C2-9A7B-FE4D81099F4C}.Release|Any CPU.Build.0 = Release|Any CPU
	EndGlobalSection
	GlobalSection(SolutionProperties) = preSolution
		HideSolutionNode = FALSE
	EndGlobalSection
	GlobalSection(ExtensibilityGlobals) = postSolution
		SolutionGuid = {4397FFE0-097B-4B52-9A11-CD99F2F4734C}
	EndGlobalSection
EndGlobal
