
Microsoft Visual Studio Solution File, Format Version 12.00
# Visual Studio Version 16
VisualStudioVersion = 16.0.31702.278
MinimumVisualStudioVersion = 10.0.40219.1
Project("{FAE04EC0-301F-11D3-BF4B-00C04F79EFBC}") = "CmdLineApp", "CmdLineApp\CmdLineApp.csproj", "{FA7933B6-D9D1-4B44-BE3E-901603663883}"
EndProject
Global
	GlobalSection(SolutionConfigurationPlatforms) = preSolution
		Debug|Any CPU = Debug|Any CPU
		Release|Any CPU = Release|Any CPU
	EndGlobalSection
	GlobalSection(ProjectConfigurationPlatforms) = postSolution
		{FA7933B6-D9D1-4B44-BE3E-901603663883}.Debug|Any CPU.ActiveCfg = Debug|Any CPU
		{FA7933B6-D9D1-4B44-BE3E-901603663883}.Debug|Any CPU.Build.0 = Debug|Any CPU
		{FA7933B6-D9D1-4B44-BE3E-901603663883}.Release|Any CPU.ActiveCfg = Release|Any CPU
		{FA7933B6-D9D1-4B44-BE3E-901603663883}.Release|Any CPU.Build.0 = Release|Any CPU
	EndGlobalSection
	GlobalSection(SolutionProperties) = preSolution
		HideSolutionNode = FALSE
	EndGlobalSection
	GlobalSection(ExtensibilityGlobals) = postSolution
		SolutionGuid = {77A5EEE8-E461-49CD-ACB3-CDE71D2A5CEA}
	EndGlobalSection
EndGlobal
