
Microsoft Visual Studio Solution File, Format Version 12.00
# Visual Studio Version 16
VisualStudioVersion = 16.0.31702.278
MinimumVisualStudioVersion = 10.0.40219.1
Project("{FAE04EC0-301F-11D3-BF4B-00C04F79EFBC}") = "ConsoleAurionProMathCalculator", "ConsoleAurionProMathCalculator\ConsoleAurionProMathCalculator.csproj", "{D9471C1C-A41B-429D-A570-B8A097E52355}"
EndProject
Global
	GlobalSection(SolutionConfigurationPlatforms) = preSolution
		Debug|Any CPU = Debug|Any CPU
		Release|Any CPU = Release|Any CPU
	EndGlobalSection
	GlobalSection(ProjectConfigurationPlatforms) = postSolution
		{D9471C1C-A41B-429D-A570-B8A097E52355}.Debug|Any CPU.ActiveCfg = Debug|Any CPU
		{D9471C1C-A41B-429D-A570-B8A097E52355}.Debug|Any CPU.Build.0 = Debug|Any CPU
		{D9471C1C-A41B-429D-A570-B8A097E52355}.Release|Any CPU.ActiveCfg = Release|Any CPU
		{D9471C1C-A41B-429D-A570-B8A097E52355}.Release|Any CPU.Build.0 = Release|Any CPU
	EndGlobalSection
	GlobalSection(SolutionProperties) = preSolution
		HideSolutionNode = FALSE
	EndGlobalSection
	GlobalSection(ExtensibilityGlobals) = postSolution
		SolutionGuid = {535AEB3C-FDCE-4603-BB8D-63A4896F3DE0}
	EndGlobalSection
EndGlobal
